
Microsoft Visual Studio Solution File, Format Version 12.00
# Visual Studio Version 17
VisualStudioVersion = 17.14.36203.30 d17.14
MinimumVisualStudioVersion = 10.0.40219.1
Project("{FAE04EC0-301F-11D3-BF4B-00C04F79EFBC}") = "Entregas.Entidades", "Entregas.Entidades\Entregas.Entidades.csproj", "{3E544B62-7422-43C0-A70F-71F3005E3F5A}"
EndProject
Global
	GlobalSection(SolutionConfigurationPlatforms) = preSolution
		Debug|Any CPU = Debug|Any CPU
		Release|Any CPU = Release|Any CPU
	EndGlobalSection
	GlobalSection(ProjectConfigurationPlatforms) = postSolution
		{3E544B62-7422-43C0-A70F-71F3005E3F5A}.Debug|Any CPU.ActiveCfg = Debug|Any CPU
		{3E544B62-7422-43C0-A70F-71F3005E3F5A}.Debug|Any CPU.Build.0 = Debug|Any CPU
		{3E544B62-7422-43C0-A70F-71F3005E3F5A}.Release|Any CPU.ActiveCfg = Release|Any CPU
		{3E544B62-7422-43C0-A70F-71F3005E3F5A}.Release|Any CPU.Build.0 = Release|Any CPU
	EndGlobalSection
	GlobalSection(SolutionProperties) = preSolution
		HideSolutionNode = FALSE
	EndGlobalSection
	GlobalSection(ExtensibilityGlobals) = postSolution
		SolutionGuid = {806B7F04-0C74-4E7A-A238-70D512A5A05C}
	EndGlobalSection
EndGlobal
